<?xml version="1.0" encoding="utf-8"?>
<Project ToolsVersion="4.0" xmlns="http://schemas.microsoft.com/developer/msbuild/2003">
  <ItemGroup>
    <Filter Include="Orange">
      <UniqueIdentifier>{418A6CC8-2D2C-979E-16E7-AAF202281EEF}</UniqueIdentifier>
    </Filter>
  </ItemGroup>
  <ItemGroup>
    <ClInclude Include="src\Orange.h" />
    <ClInclude Include="src\Orange\Application.h">
      <Filter>Orange</Filter>
    </ClInclude>
    <ClInclude Include="src\Orange\Core.h">
      <Filter>Orange</Filter>
    </ClInclude>
    <ClInclude Include="src\Orange\EntryPoint.h">
      <Filter>Orange</Filter>
    </ClInclude>
    <ClInclude Include="src\Orange\Log.h">
      <Filter>Orange</Filter>
    </ClInclude>
  </ItemGroup>
  <ItemGroup>
    <ClCompile Include="src\Orange\Application.cpp">
      <Filter>Orange</Filter>
    </ClCompile>
    <ClCompile Include="src\Orange\Log.cpp">
      <Filter>Orange</Filter>
    </ClCompile>
  </ItemGroup>
</Project>