<?xml version="1.0" encoding="utf-8"?>
<Project ToolsVersion="4.0" xmlns="http://schemas.microsoft.com/developer/msbuild/2003">
  <ItemGroup>
    <Filter Include="Orange">
      <UniqueIdentifier>{418A6CC8-2D2C-979E-16E7-AAF202281EEF}</UniqueIdentifier>
    </Filter>
    <Filter Include="Orange\Events">
      <UniqueIdentifier>{0503DADB-71C3-5512-3AFE-9E8FA67D9AEE}</UniqueIdentifier>
    </Filter>
    <Filter Include="Orange\ImGui">
      <UniqueIdentifier>{2BECBD4C-174F-4DF1-C0D4-85A7AC161974}</UniqueIdentifier>
    </Filter>
    <Filter Include="Platform">
      <UniqueIdentifier>{2AC788B4-1694-E3BF-3FAD-D1672BD9184E}</UniqueIdentifier>
    </Filter>
    <Filter Include="Platform\OpenGL">
      <UniqueIdentifier>{1E7D2C1D-8A08-9AE1-9319-1DD6FF23F6E1}</UniqueIdentifier>
    </Filter>
    <Filter Include="Platform\Windows">
      <UniqueIdentifier>{64FBD71A-50F4-F66C-7926-DCF1657ED678}</UniqueIdentifier>
    </Filter>
  </ItemGroup>
  <ItemGroup>
    <ClInclude Include="src\Orange.h" />
    <ClInclude Include="src\Orange\Application.h">
      <Filter>Orange</Filter>
    </ClInclude>
    <ClInclude Include="src\Orange\Core.h">
      <Filter>Orange</Filter>
    </ClInclude>
    <ClInclude Include="src\Orange\EntryPoint.h">
      <Filter>Orange</Filter>
    </ClInclude>
    <ClInclude Include="src\Orange\Events\ApplicationEvent.h">
      <Filter>Orange\Events</Filter>
    </ClInclude>
    <ClInclude Include="src\Orange\Events\Event.h">
      <Filter>Orange\Events</Filter>
    </ClInclude>
    <ClInclude Include="src\Orange\Events\KeyEvent.h">
      <Filter>Orange\Events</Filter>
    </ClInclude>
    <ClInclude Include="src\Orange\Events\MouseEvent.h">
      <Filter>Orange\Events</Filter>
    </ClInclude>
    <ClInclude Include="src\Orange\ImGui\ImGuiLayer.h">
      <Filter>Orange\ImGui</Filter>
    </ClInclude>
    <ClInclude Include="src\Orange\Layer.h">
      <Filter>Orange</Filter>
    </ClInclude>
    <ClInclude Include="src\Orange\LayerStack.h">
      <Filter>Orange</Filter>
    </ClInclude>
    <ClInclude Include="src\Orange\Log.h">
      <Filter>Orange</Filter>
    </ClInclude>
    <ClInclude Include="src\Orange\Window.h">
      <Filter>Orange</Filter>
    </ClInclude>
    <ClInclude Include="src\Platform\OpenGL\ImGuiOpenGLRenderer.h">
      <Filter>Platform\OpenGL</Filter>
    </ClInclude>
    <ClInclude Include="src\Platform\OpenGL\ImGuiOpenGLRendererLoader.h">
      <Filter>Platform\OpenGL</Filter>
    </ClInclude>
    <ClInclude Include="src\Platform\Windows\WindowsWindow.h">
      <Filter>Platform\Windows</Filter>
    </ClInclude>
    <ClInclude Include="src\ogpch.h" />
  </ItemGroup>
  <ItemGroup>
    <ClCompile Include="src\Orange\Application.cpp">
      <Filter>Orange</Filter>
    </ClCompile>
    <ClCompile Include="src\Orange\ImGui\ImGuiLayer.cpp">
      <Filter>Orange\ImGui</Filter>
    </ClCompile>
    <ClCompile Include="src\Orange\Layer.cpp">
      <Filter>Orange</Filter>
    </ClCompile>
    <ClCompile Include="src\Orange\LayerStack.cpp">
      <Filter>Orange</Filter>
    </ClCompile>
    <ClCompile Include="src\Orange\Log.cpp">
      <Filter>Orange</Filter>
    </ClCompile>
    <ClCompile Include="src\Platform\OpenGL\ImGuiOpenGLRenderer.cpp">
      <Filter>Platform\OpenGL</Filter>
    </ClCompile>
    <ClCompile Include="src\Platform\Windows\WindowsWindow.cpp">
      <Filter>Platform\Windows</Filter>
    </ClCompile>
    <ClCompile Include="src\ogpch.cpp" />
  </ItemGroup>
</Project>